
Microsoft Visual Studio Solution File, Format Version 12.00
# Visual Studio Version 16
VisualStudioVersion = 16.0.31205.134
MinimumVisualStudioVersion = 10.0.40219.1
Project("{FAE04EC0-301F-11D3-BF4B-00C04F79EFBC}") = "ClientProxyForm-P5-20190140082", "ClientProxyForm-P5-20190140082\ClientProxyForm-P5-20190140082.csproj", "{188A8016-F405-42AE-B4C5-3F5036DC96CC}"
EndProject
Global
	GlobalSection(SolutionConfigurationPlatforms) = preSolution
		Debug|Any CPU = Debug|Any CPU
		Release|Any CPU = Release|Any CPU
	EndGlobalSection
	GlobalSection(ProjectConfigurationPlatforms) = postSolution
		{188A8016-F405-42AE-B4C5-3F5036DC96CC}.Debug|Any CPU.ActiveCfg = Debug|Any CPU
		{188A8016-F405-42AE-B4C5-3F5036DC96CC}.Debug|Any CPU.Build.0 = Debug|Any CPU
		{188A8016-F405-42AE-B4C5-3F5036DC96CC}.Release|Any CPU.ActiveCfg = Release|Any CPU
		{188A8016-F405-42AE-B4C5-3F5036DC96CC}.Release|Any CPU.Build.0 = Release|Any CPU
	EndGlobalSection
	GlobalSection(SolutionProperties) = preSolution
		HideSolutionNode = FALSE
	EndGlobalSection
	GlobalSection(ExtensibilityGlobals) = postSolution
		SolutionGuid = {FF1799B6-62A4-49E7-B124-0F26144917E1}
	EndGlobalSection
EndGlobal
